
Microsoft Visual Studio Solution File, Format Version 12.00
# 
Project("{FAE04EC0-301F-11D3-BF4B-00C04F79EFBC}") = "Day01", "Day01\Day01.csproj", "{01129C7C-6F86-434D-8D0D-3B4889A00E98}"
EndProject
Project("{FAE04EC0-301F-11D3-BF4B-00C04F79EFBC}") = "Day02", "Day02\Day02.csproj", "{6576EB39-EE58-4F1F-8266-97034D707C6E}"
EndProject
Project("{FAE04EC0-301F-11D3-BF4B-00C04F79EFBC}") = "Benchmarking", "Benchmarking\Benchmarking.csproj", "{11076231-06F3-4936-9D2A-0F2183DA198A}"
EndProject
Project("{FAE04EC0-301F-11D3-BF4B-00C04F79EFBC}") = "Day03", "Day03\Day03.csproj", "{3ACD9A84-0747-4260-B392-F8444AF76047}"
EndProject
Project("{FAE04EC0-301F-11D3-BF4B-00C04F79EFBC}") = "Day04", "Day04\Day04.csproj", "{16428D74-9EE6-4B3E-904C-D5E27BA23B6C}"
EndProject
Project("{FAE04EC0-301F-11D3-BF4B-00C04F79EFBC}") = "Day05", "Day05\Day05.csproj", "{B66FBE89-7707-4C74-A14F-06784BBDC206}"
EndProject
Project("{FAE04EC0-301F-11D3-BF4B-00C04F79EFBC}") = "Day06", "Day06\Day06.csproj", "{318C505E-45B2-4FEB-8A90-5C0F1DFD431B}"
EndProject
Project("{FAE04EC0-301F-11D3-BF4B-00C04F79EFBC}") = "Day07", "Day07\Day07.csproj", "{D5E7FFB2-1D38-4640-90F5-EDB6CE30C97C}"
EndProject
Project("{FAE04EC0-301F-11D3-BF4B-00C04F79EFBC}") = "Day08", "Day08\Day08.csproj", "{3C748607-23FB-445E-8B38-4B1DFE910D65}"
EndProject
Project("{FAE04EC0-301F-11D3-BF4B-00C04F79EFBC}") = "Day09", "Day09\Day09.csproj", "{AB64890C-5AF3-4044-B90B-2CE08938AFB1}"
EndProject
Project("{FAE04EC0-301F-11D3-BF4B-00C04F79EFBC}") = "Day10", "Day10\Day10.csproj", "{50EF3770-33A2-4798-80AC-9930912D7B07}"
EndProject
Project("{FAE04EC0-301F-11D3-BF4B-00C04F79EFBC}") = "Day11", "Day11\Day11.csproj", "{E05FAA3A-8379-44FD-A128-94937DC604CE}"
EndProject
Global
	GlobalSection(SolutionConfigurationPlatforms) = preSolution
		Debug|Any CPU = Debug|Any CPU
		Release|Any CPU = Release|Any CPU
	EndGlobalSection
	GlobalSection(ProjectConfigurationPlatforms) = postSolution
		{01129C7C-6F86-434D-8D0D-3B4889A00E98}.Debug|Any CPU.ActiveCfg = Debug|Any CPU
		{01129C7C-6F86-434D-8D0D-3B4889A00E98}.Debug|Any CPU.Build.0 = Debug|Any CPU
		{01129C7C-6F86-434D-8D0D-3B4889A00E98}.Release|Any CPU.ActiveCfg = Release|Any CPU
		{01129C7C-6F86-434D-8D0D-3B4889A00E98}.Release|Any CPU.Build.0 = Release|Any CPU
		{6576EB39-EE58-4F1F-8266-97034D707C6E}.Debug|Any CPU.ActiveCfg = Debug|Any CPU
		{6576EB39-EE58-4F1F-8266-97034D707C6E}.Debug|Any CPU.Build.0 = Debug|Any CPU
		{6576EB39-EE58-4F1F-8266-97034D707C6E}.Release|Any CPU.ActiveCfg = Release|Any CPU
		{6576EB39-EE58-4F1F-8266-97034D707C6E}.Release|Any CPU.Build.0 = Release|Any CPU
		{11076231-06F3-4936-9D2A-0F2183DA198A}.Debug|Any CPU.ActiveCfg = Debug|Any CPU
		{11076231-06F3-4936-9D2A-0F2183DA198A}.Debug|Any CPU.Build.0 = Debug|Any CPU
		{11076231-06F3-4936-9D2A-0F2183DA198A}.Release|Any CPU.ActiveCfg = Release|Any CPU
		{11076231-06F3-4936-9D2A-0F2183DA198A}.Release|Any CPU.Build.0 = Release|Any CPU
		{3ACD9A84-0747-4260-B392-F8444AF76047}.Debug|Any CPU.ActiveCfg = Debug|Any CPU
		{3ACD9A84-0747-4260-B392-F8444AF76047}.Debug|Any CPU.Build.0 = Debug|Any CPU
		{3ACD9A84-0747-4260-B392-F8444AF76047}.Release|Any CPU.ActiveCfg = Release|Any CPU
		{3ACD9A84-0747-4260-B392-F8444AF76047}.Release|Any CPU.Build.0 = Release|Any CPU
		{16428D74-9EE6-4B3E-904C-D5E27BA23B6C}.Debug|Any CPU.ActiveCfg = Debug|Any CPU
		{16428D74-9EE6-4B3E-904C-D5E27BA23B6C}.Debug|Any CPU.Build.0 = Debug|Any CPU
		{16428D74-9EE6-4B3E-904C-D5E27BA23B6C}.Release|Any CPU.ActiveCfg = Release|Any CPU
		{16428D74-9EE6-4B3E-904C-D5E27BA23B6C}.Release|Any CPU.Build.0 = Release|Any CPU
		{B66FBE89-7707-4C74-A14F-06784BBDC206}.Debug|Any CPU.ActiveCfg = Debug|Any CPU
		{B66FBE89-7707-4C74-A14F-06784BBDC206}.Debug|Any CPU.Build.0 = Debug|Any CPU
		{B66FBE89-7707-4C74-A14F-06784BBDC206}.Release|Any CPU.ActiveCfg = Release|Any CPU
		{B66FBE89-7707-4C74-A14F-06784BBDC206}.Release|Any CPU.Build.0 = Release|Any CPU
		{318C505E-45B2-4FEB-8A90-5C0F1DFD431B}.Debug|Any CPU.ActiveCfg = Debug|Any CPU
		{318C505E-45B2-4FEB-8A90-5C0F1DFD431B}.Debug|Any CPU.Build.0 = Debug|Any CPU
		{318C505E-45B2-4FEB-8A90-5C0F1DFD431B}.Release|Any CPU.ActiveCfg = Release|Any CPU
		{318C505E-45B2-4FEB-8A90-5C0F1DFD431B}.Release|Any CPU.Build.0 = Release|Any CPU
		{D5E7FFB2-1D38-4640-90F5-EDB6CE30C97C}.Debug|Any CPU.ActiveCfg = Debug|Any CPU
		{D5E7FFB2-1D38-4640-90F5-EDB6CE30C97C}.Debug|Any CPU.Build.0 = Debug|Any CPU
		{D5E7FFB2-1D38-4640-90F5-EDB6CE30C97C}.Release|Any CPU.ActiveCfg = Release|Any CPU
		{D5E7FFB2-1D38-4640-90F5-EDB6CE30C97C}.Release|Any CPU.Build.0 = Release|Any CPU
		{3C748607-23FB-445E-8B38-4B1DFE910D65}.Debug|Any CPU.ActiveCfg = Debug|Any CPU
		{3C748607-23FB-445E-8B38-4B1DFE910D65}.Debug|Any CPU.Build.0 = Debug|Any CPU
		{3C748607-23FB-445E-8B38-4B1DFE910D65}.Release|Any CPU.ActiveCfg = Release|Any CPU
		{3C748607-23FB-445E-8B38-4B1DFE910D65}.Release|Any CPU.Build.0 = Release|Any CPU
		{AB64890C-5AF3-4044-B90B-2CE08938AFB1}.Debug|Any CPU.ActiveCfg = Debug|Any CPU
		{AB64890C-5AF3-4044-B90B-2CE08938AFB1}.Debug|Any CPU.Build.0 = Debug|Any CPU
		{AB64890C-5AF3-4044-B90B-2CE08938AFB1}.Release|Any CPU.ActiveCfg = Release|Any CPU
		{AB64890C-5AF3-4044-B90B-2CE08938AFB1}.Release|Any CPU.Build.0 = Release|Any CPU
		{50EF3770-33A2-4798-80AC-9930912D7B07}.Debug|Any CPU.ActiveCfg = Debug|Any CPU
		{50EF3770-33A2-4798-80AC-9930912D7B07}.Debug|Any CPU.Build.0 = Debug|Any CPU
		{50EF3770-33A2-4798-80AC-9930912D7B07}.Release|Any CPU.ActiveCfg = Release|Any CPU
		{50EF3770-33A2-4798-80AC-9930912D7B07}.Release|Any CPU.Build.0 = Release|Any CPU
		{E05FAA3A-8379-44FD-A128-94937DC604CE}.Debug|Any CPU.ActiveCfg = Debug|Any CPU
		{E05FAA3A-8379-44FD-A128-94937DC604CE}.Debug|Any CPU.Build.0 = Debug|Any CPU
		{E05FAA3A-8379-44FD-A128-94937DC604CE}.Release|Any CPU.ActiveCfg = Release|Any CPU
		{E05FAA3A-8379-44FD-A128-94937DC604CE}.Release|Any CPU.Build.0 = Release|Any CPU
	EndGlobalSection
EndGlobal
